// !$*UTF8*$!
{
	archiveVersion = 1;
	classes = {
	};
	objectVersion = 50;
	objects = {

/* Begin PBXBuildFile section */
		81A6166821CBDAD300151D8B /* AppDelegate.swift in Sources */ = {isa = PBXBuildFile; fileRef = 81A6166721CBDAD300151D8B /* AppDelegate.swift */; };
		81A6166A21CBDAD300151D8B /* FirstViewController.swift in Sources */ = {isa = PBXBuildFile; fileRef = 81A6166921CBDAD300151D8B /* FirstViewController.swift */; };
		81A6166C21CBDAD300151D8B /* SecondViewController.swift in Sources */ = {isa = PBXBuildFile; fileRef = 81A6166B21CBDAD300151D8B /* SecondViewController.swift */; };
		81A6166F21CBDAD300151D8B /* Main.storyboard in Resources */ = {isa = PBXBuildFile; fileRef = 81A6166D21CBDAD300151D8B /* Main.storyboard */; };
		81A6167121CBDAD400151D8B /* Assets.xcassets in Resources */ = {isa = PBXBuildFile; fileRef = 81A6167021CBDAD400151D8B /* Assets.xcassets */; };
		81A6167421CBDAD400151D8B /* LaunchScreen.storyboard in Resources */ = {isa = PBXBuildFile; fileRef = 81A6167221CBDAD400151D8B /* LaunchScreen.storyboard */; };
		81A6167C21CBDE3A00151D8B /* DatePopupViewController.swift in Sources */ = {isa = PBXBuildFile; fileRef = 81A6167B21CBDE3A00151D8B /* DatePopupViewController.swift */; };
		81ED1CC321CC239500D1E6BB /* DatePopupViewController.storyboard in Resources */ = {isa = PBXBuildFile; fileRef = 81ED1CC121CC239500D1E6BB /* DatePopupViewController.storyboard */; };
		81ED1CC521CC2BEC00D1E6BB /* SelectTimeViewController.storyboard in Resources */ = {isa = PBXBuildFile; fileRef = 81ED1CC421CC2BEC00D1E6BB /* SelectTimeViewController.storyboard */; };
		81ED1CC721CC2C6300D1E6BB /* SelectTimeViewController.swift in Sources */ = {isa = PBXBuildFile; fileRef = 81ED1CC621CC2C6300D1E6BB /* SelectTimeViewController.swift */; };
/* End PBXBuildFile section */

/* Begin PBXFileReference section */
		81A6166421CBDAD300151D8B /* ReusablePopups.app */ = {isa = PBXFileReference; explicitFileType = wrapper.application; includeInIndex = 0; path = ReusablePopups.app; sourceTree = BUILT_PRODUCTS_DIR; };
		81A6166721CBDAD300151D8B /* AppDelegate.swift */ = {isa = PBXFileReference; lastKnownFileType = sourcecode.swift; path = AppDelegate.swift; sourceTree = "<group>"; };
		81A6166921CBDAD300151D8B /* FirstViewController.swift */ = {isa = PBXFileReference; lastKnownFileType = sourcecode.swift; path = FirstViewController.swift; sourceTree = "<group>"; };
		81A6166B21CBDAD300151D8B /* SecondViewController.swift */ = {isa = PBXFileReference; lastKnownFileType = sourcecode.swift; path = SecondViewController.swift; sourceTree = "<group>"; };
		81A6166E21CBDAD300151D8B /* Base */ = {isa = PBXFileReference; lastKnownFileType = file.storyboard; name = Base; path = Base.lproj/Main.storyboard; sourceTree = "<group>"; };
		81A6167021CBDAD400151D8B /* Assets.xcassets */ = {isa = PBXFileReference; lastKnownFileType = folder.assetcatalog; path = Assets.xcassets; sourceTree = "<group>"; };
		81A6167321CBDAD400151D8B /* Base */ = {isa = PBXFileReference; lastKnownFileType = file.storyboard; name = Base; path = Base.lproj/LaunchScreen.storyboard; sourceTree = "<group>"; };
		81A6167521CBDAD400151D8B /* Info.plist */ = {isa = PBXFileReference; lastKnownFileType = text.plist.xml; path = Info.plist; sourceTree = "<group>"; };
		81A6167B21CBDE3A00151D8B /* DatePopupViewController.swift */ = {isa = PBXFileReference; lastKnownFileType = sourcecode.swift; path = DatePopupViewController.swift; sourceTree = "<group>"; };
		81ED1CC221CC239500D1E6BB /* Base */ = {isa = PBXFileReference; lastKnownFileType = file.storyboard; name = Base; path = ReusablePopups/Base.lproj/DatePopupViewController.storyboard; sourceTree = "<group>"; };
		81ED1CC421CC2BEC00D1E6BB /* SelectTimeViewController.storyboard */ = {isa = PBXFileReference; lastKnownFileType = file.storyboard; path = SelectTimeViewController.storyboard; sourceTree = "<group>"; };
		81ED1CC621CC2C6300D1E6BB /* SelectTimeViewController.swift */ = {isa = PBXFileReference; lastKnownFileType = sourcecode.swift; path = SelectTimeViewController.swift; sourceTree = "<group>"; };
/* End PBXFileReference section */

/* Begin PBXFrameworksBuildPhase section */
		81A6166121CBDAD300151D8B /* Frameworks */ = {
			isa = PBXFrameworksBuildPhase;
			buildActionMask = 2147483647;
			files = (
			);
			runOnlyForDeploymentPostprocessing = 0;
		};
/* End PBXFrameworksBuildPhase section */

/* Begin PBXGroup section */
		81A6165B21CBDAD300151D8B = {
			isa = PBXGroup;
			children = (
				81A6166621CBDAD300151D8B /* ReusablePopups */,
				81A6166521CBDAD300151D8B /* Products */,
			);
			sourceTree = "<group>";
		};
		81A6166521CBDAD300151D8B /* Products */ = {
			isa = PBXGroup;
			children = (
				81A6166421CBDAD300151D8B /* ReusablePopups.app */,
			);
			name = Products;
			sourceTree = "<group>";
		};
		81A6166621CBDAD300151D8B /* ReusablePopups */ = {
			isa = PBXGroup;
			children = (
				81A6166721CBDAD300151D8B /* AppDelegate.swift */,
				81A6166921CBDAD300151D8B /* FirstViewController.swift */,
				81A6166B21CBDAD300151D8B /* SecondViewController.swift */,
				81A6166D21CBDAD300151D8B /* Main.storyboard */,
				81A6167021CBDAD400151D8B /* Assets.xcassets */,
				81A6167221CBDAD400151D8B /* LaunchScreen.storyboard */,
				81A6167521CBDAD400151D8B /* Info.plist */,
				81ED1CC121CC239500D1E6BB /* DatePopupViewController.storyboard */,
				81A6167B21CBDE3A00151D8B /* DatePopupViewController.swift */,
				81ED1CC421CC2BEC00D1E6BB /* SelectTimeViewController.storyboard */,
				81ED1CC621CC2C6300D1E6BB /* SelectTimeViewController.swift */,
			);
			path = ReusablePopups;
			sourceTree = "<group>";
		};
/* End PBXGroup section */

/* Begin PBXNativeTarget section */
		81A6166321CBDAD300151D8B /* ReusablePopups */ = {
			isa = PBXNativeTarget;
			buildConfigurationList = 81A6167821CBDAD400151D8B /* Build configuration list for PBXNativeTarget "ReusablePopups" */;
			buildPhases = (
				81A6166021CBDAD300151D8B /* Sources */,
				81A6166121CBDAD300151D8B /* Frameworks */,
				81A6166221CBDAD300151D8B /* Resources */,
			);
			buildRules = (
			);
			dependencies = (
			);
			name = ReusablePopups;
			productName = ReusablePopups;
			productReference = 81A6166421CBDAD300151D8B /* ReusablePopups.app */;
			productType = "com.apple.product-type.application";
		};
/* End PBXNativeTarget section */

/* Begin PBXProject section */
		81A6165C21CBDAD300151D8B /* Project object */ = {
			isa = PBXProject;
			attributes = {
				LastSwiftUpdateCheck = 1010;
				LastUpgradeCheck = 1010;
				ORGANIZATIONNAME = Boss;
				TargetAttributes = {
					81A6166321CBDAD300151D8B = {
						CreatedOnToolsVersion = 10.1;
					};
				};
			};
			buildConfigurationList = 81A6165F21CBDAD300151D8B /* Build configuration list for PBXProject "ReusablePopups" */;
			compatibilityVersion = "Xcode 9.3";
			developmentRegion = en;
			hasScannedForEncodings = 0;
			knownRegions = (
				en,
				Base,
			);
			mainGroup = 81A6165B21CBDAD300151D8B;
			productRefGroup = 81A6166521CBDAD300151D8B /* Products */;
			projectDirPath = "";
			projectRoot = "";
			targets = (
				81A6166321CBDAD300151D8B /* ReusablePopups */,
			);
		};
/* End PBXProject section */

/* Begin PBXResourcesBuildPhase section */
		81A6166221CBDAD300151D8B /* Resources */ = {
			isa = PBXResourcesBuildPhase;
			buildActionMask = 2147483647;
			files = (
				81A6167421CBDAD400151D8B /* LaunchScreen.storyboard in Resources */,
				81ED1CC521CC2BEC00D1E6BB /* SelectTimeViewController.storyboard in Resources */,
				81A6167121CBDAD400151D8B /* Assets.xcassets in Resources */,
				81ED1CC321CC239500D1E6BB /* DatePopupViewController.storyboard in Resources */,
				81A6166F21CBDAD300151D8B /* Main.storyboard in Resources */,
			);
			runOnlyForDeploymentPostprocessing = 0;
		};
/* End PBXResourcesBuildPhase section */

/* Begin PBXSourcesBuildPhase section */
		81A6166021CBDAD300151D8B /* Sources */ = {
			isa = PBXSourcesBuildPhase;
			buildActionMask = 2147483647;
			files = (
				81A6166C21CBDAD300151D8B /* SecondViewController.swift in Sources */,
				81ED1CC721CC2C6300D1E6BB /* SelectTimeViewController.swift in Sources */,
				81A6167C21CBDE3A00151D8B /* DatePopupViewController.swift in Sources */,
				81A6166821CBDAD300151D8B /* AppDelegate.swift in Sources */,
				81A6166A21CBDAD300151D8B /* FirstViewController.swift in Sources */,
			);
			runOnlyForDeploymentPostprocessing = 0;
		};
/* End PBXSourcesBuildPhase section */

/* Begin PBXVariantGroup section */
		81A6166D21CBDAD300151D8B /* Main.storyboard */ = {
			isa = PBXVariantGroup;
			children = (
				81A6166E21CBDAD300151D8B /* Base */,
			);
			name = Main.storyboard;
			sourceTree = "<group>";
		};
		81A6167221CBDAD400151D8B /* LaunchScreen.storyboard */ = {
			isa = PBXVariantGroup;
			children = (
				81A6167321CBDAD400151D8B /* Base */,
			);
			name = LaunchScreen.storyboard;
			sourceTree = "<group>";
		};
		81ED1CC121CC239500D1E6BB /* DatePopupViewController.storyboard */ = {
			isa = PBXVariantGroup;
			children = (
				81ED1CC221CC239500D1E6BB /* Base */,
			);
			name = DatePopupViewController.storyboard;
			sourceTree = "<group>";
		};
/* End PBXVariantGroup section */

/* Begin XCBuildConfiguration section */
		81A6167621CBDAD400151D8B /* Debug */ = {
			isa = XCBuildConfiguration;
			buildSettings = {
				ALWAYS_SEARCH_USER_PATHS = NO;
				CLANG_ANALYZER_NONNULL = YES;
				CLANG_ANALYZER_NUMBER_OBJECT_CONVERSION = YES_AGGRESSIVE;
				CLANG_CXX_LANGUAGE_STANDARD = "gnu++14";
				CLANG_CXX_LIBRARY = "libc++";
				CLANG_ENABLE_MODULES = YES;
				CLANG_ENABLE_OBJC_ARC = YES;
				CLANG_ENABLE_OBJC_WEAK = YES;
				CLANG_WARN_BLOCK_CAPTURE_AUTORELEASING = YES;
				CLANG_WARN_BOOL_CONVERSION = YES;
				CLANG_WARN_COMMA = YES;
				CLANG_WARN_CONSTANT_CONVERSION = YES;
				CLANG_WARN_DEPRECATED_OBJC_IMPLEMENTATIONS = YES;
				CLANG_WARN_DIRECT_OBJC_ISA_USAGE = YES_ERROR;
				CLANG_WARN_DOCUMENTATION_COMMENTS = YES;
				CLANG_WARN_EMPTY_BODY = YES;
				CLANG_WARN_ENUM_CONVERSION = YES;
				CLANG_WARN_INFINITE_RECURSION = YES;
				CLANG_WARN_INT_CONVERSION = YES;
				CLANG_WARN_NON_LITERAL_NULL_CONVERSION = YES;
				CLANG_WARN_OBJC_IMPLICIT_RETAIN_SELF = YES;
				CLANG_WARN_OBJC_LITERAL_CONVERSION = YES;
				CLANG_WARN_OBJC_ROOT_CLASS = YES_ERROR;
				CLANG_WARN_RANGE_LOOP_ANALYSIS = YES;
				CLANG_WARN_STRICT_PROTOTYPES = YES;
				CLANG_WARN_SUSPICIOUS_MOVE = YES;
				CLANG_WARN_UNGUARDED_AVAILABILITY = YES_AGGRESSIVE;
				CLANG_WARN_UNREACHABLE_CODE = YES;
				CLANG_WARN__DUPLICATE_METHOD_MATCH = YES;
				CODE_SIGN_IDENTITY = "iPhone Developer";
				COPY_PHASE_STRIP = NO;
				DEBUG_INFORMATION_FORMAT = dwarf;
				ENABLE_STRICT_OBJC_MSGSEND = YES;
				ENABLE_TESTABILITY = YES;
				GCC_C_LANGUAGE_STANDARD = gnu11;
				GCC_DYNAMIC_NO_PIC = NO;
				GCC_NO_COMMON_BLOCKS = YES;
				GCC_OPTIMIZATION_LEVEL = 0;
				GCC_PREPROCESSOR_DEFINITIONS = (
					"DEBUG=1",
					"$(inherited)",
				);
				GCC_WARN_64_TO_32_BIT_CONVERSION = YES;
				GCC_WARN_ABOUT_RETURN_TYPE = YES_ERROR;
				GCC_WARN_UNDECLARED_SELECTOR = YES;
				GCC_WARN_UNINITIALIZED_AUTOS = YES_AGGRESSIVE;
				GCC_WARN_UNUSED_FUNCTION = YES;
				GCC_WARN_UNUSED_VARIABLE = YES;
				IPHONEOS_DEPLOYMENT_TARGET = 12.1;
				MTL_ENABLE_DEBUG_INFO = INCLUDE_SOURCE;
				MTL_FAST_MATH = YES;
				ONLY_ACTIVE_ARCH = YES;
				SDKROOT = iphoneos;
				SWIFT_ACTIVE_COMPILATION_CONDITIONS = DEBUG;
				SWIFT_OPTIMIZATION_LEVEL = "-Onone";
			};
			name = Debug;
		};
		81A6167721CBDAD400151D8B /* Release */ = {
			isa = XCBuildConfiguration;
			buildSettings = {
				ALWAYS_SEARCH_USER_PATHS = NO;
				CLANG_ANALYZER_NONNULL = YES;
				CLANG_ANALYZER_NUMBER_OBJECT_CONVERSION = YES_AGGRESSIVE;
				CLANG_CXX_LANGUAGE_STANDARD = "gnu++14";
				CLANG_CXX_LIBRARY = "libc++";
				CLANG_ENABLE_MODULES = YES;
				CLANG_ENABLE_OBJC_ARC = YES;
				CLANG_ENABLE_OBJC_WEAK = YES;
				CLANG_WARN_BLOCK_CAPTURE_AUTORELEASING = YES;
				CLANG_WARN_BOOL_CONVERSION = YES;
				CLANG_WARN_COMMA = YES;
				CLANG_WARN_CONSTANT_CONVERSION = YES;
				CLANG_WARN_DEPRECATED_OBJC_IMPLEMENTATIONS = YES;
				CLANG_WARN_DIRECT_OBJC_ISA_USAGE = YES_ERROR;
				CLANG_WARN_DOCUMENTATION_COMMENTS = YES;
				CLANG_WARN_EMPTY_BODY = YES;
				CLANG_WARN_ENUM_CONVERSION = YES;
				CLANG_WARN_INFINITE_RECURSION = YES;
				CLANG_WARN_INT_CONVERSION = YES;
				CLANG_WARN_NON_LITERAL_NULL_CONVERSION = YES;
				CLANG_WARN_OBJC_IMPLICIT_RETAIN_SELF = YES;
				CLANG_WARN_OBJC_LITERAL_CONVERSION = YES;
				CLANG_WARN_OBJC_ROOT_CLASS = YES_ERROR;
				CLANG_WARN_RANGE_LOOP_ANALYSIS = YES;
				CLANG_WARN_STRICT_PROTOTYPES = YES;
				CLANG_WARN_SUSPICIOUS_MOVE = YES;
				CLANG_WARN_UNGUARDED_AVAILABILITY = YES_AGGRESSIVE;
				CLANG_WARN_UNREACHABLE_CODE = YES;
				CLANG_WARN__DUPLICATE_METHOD_MATCH = YES;
				CODE_SIGN_IDENTITY = "iPhone Developer";
				COPY_PHASE_STRIP = NO;
				DEBUG_INFORMATION_FORMAT = "dwarf-with-dsym";
				ENABLE_NS_ASSERTIONS = NO;
				ENABLE_STRICT_OBJC_MSGSEND = YES;
				GCC_C_LANGUAGE_STANDARD = gnu11;
				GCC_NO_COMMON_BLOCKS = YES;
				GCC_WARN_64_TO_32_BIT_CONVERSION = YES;
				GCC_WARN_ABOUT_RETURN_TYPE = YES_ERROR;
				GCC_WARN_UNDECLARED_SELECTOR = YES;
				GCC_WARN_UNINITIALIZED_AUTOS = YES_AGGRESSIVE;
				GCC_WARN_UNUSED_FUNCTION = YES;
				GCC_WARN_UNUSED_VARIABLE = YES;
				IPHONEOS_DEPLOYMENT_TARGET = 12.1;
				MTL_ENABLE_DEBUG_INFO = NO;
				MTL_FAST_MATH = YES;
				SDKROOT = iphoneos;
				SWIFT_COMPILATION_MODE = wholemodule;
				SWIFT_OPTIMIZATION_LEVEL = "-O";
				VALIDATE_PRODUCT = YES;
			};
			name = Release;
		};
		81A6167921CBDAD400151D8B /* Debug */ = {
			isa = XCBuildConfiguration;
			buildSettings = {
				ASSETCATALOG_COMPILER_APPICON_NAME = AppIcon;
				CODE_SIGN_STYLE = Automatic;
				DEVELOPMENT_TEAM = 9PJMB8CR66;
				INFOPLIST_FILE = ReusablePopups/Info.plist;
				LD_RUNPATH_SEARCH_PATHS = (
					"$(inherited)",
					"@executable_path/Frameworks",
				);
				PRODUCT_BUNDLE_IDENTIFIER = com.caglarsoft.ReusablePopups;
				PRODUCT_NAME = "$(TARGET_NAME)";
				SWIFT_VERSION = 4.2;
				TARGETED_DEVICE_FAMILY = "1,2";
			};
			name = Debug;
		};
		81A6167A21CBDAD400151D8B /* Release */ = {
			isa = XCBuildConfiguration;
			buildSettings = {
				ASSETCATALOG_COMPILER_APPICON_NAME = AppIcon;
				CODE_SIGN_STYLE = Automatic;
				DEVELOPMENT_TEAM = 9PJMB8CR66;
				INFOPLIST_FILE = ReusablePopups/Info.plist;
				LD_RUNPATH_SEARCH_PATHS = (
					"$(inherited)",
					"@executable_path/Frameworks",
				);
				PRODUCT_BUNDLE_IDENTIFIER = com.caglarsoft.ReusablePopups;
				PRODUCT_NAME = "$(TARGET_NAME)";
				SWIFT_VERSION = 4.2;
				TARGETED_DEVICE_FAMILY = "1,2";
			};
			name = Release;
		};
/* End XCBuildConfiguration section */

/* Begin XCConfigurationList section */
		81A6165F21CBDAD300151D8B /* Build configuration list for PBXProject "ReusablePopups" */ = {
			isa = XCConfigurationList;
			buildConfigurations = (
				81A6167621CBDAD400151D8B /* Debug */,
				81A6167721CBDAD400151D8B /* Release */,
			);
			defaultConfigurationIsVisible = 0;
			defaultConfigurationName = Release;
		};
		81A6167821CBDAD400151D8B /* Build configuration list for PBXNativeTarget "ReusablePopups" */ = {
			isa = XCConfigurationList;
			buildConfigurations = (
				81A6167921CBDAD400151D8B /* Debug */,
				81A6167A21CBDAD400151D8B /* Release */,
			);
			defaultConfigurationIsVisible = 0;
			defaultConfigurationName = Release;
		};
/* End XCConfigurationList section */
	};
	rootObject = 81A6165C21CBDAD300151D8B /* Project object */;
}
